
Microsoft Visual Studio Solution File, Format Version 12.00
# Visual Studio Version 17
VisualStudioVersion = 17.4.33213.308
MinimumVisualStudioVersion = 10.0.40219.1
Project("{9A19103F-16F7-4668-BE54-9A1E7A4F7556}") = "SocialNetwork.PLL", "..\SocialNetwork.PLL\SocialNetwork.PLL.csproj", "{A3E4882B-1000-48EE-BE87-126802B8B89E}"
EndProject
Project("{9A19103F-16F7-4668-BE54-9A1E7A4F7556}") = "SocialNetwork.DAL", "..\SocialNetwork.DAL\SocialNetwork.DAL.csproj", "{7D34ED2D-93CE-4AF5-99C3-641DF1978B6E}"
EndProject
Project("{9A19103F-16F7-4668-BE54-9A1E7A4F7556}") = "SocialNetwork.BLL", "SocialNetwork.BLL.csproj", "{50BB7E91-ED66-4636-946E-13BFD534B53C}"
EndProject
Global
	GlobalSection(SolutionConfigurationPlatforms) = preSolution
		Debug|Any CPU = Debug|Any CPU
		Release|Any CPU = Release|Any CPU
	EndGlobalSection
	GlobalSection(ProjectConfigurationPlatforms) = postSolution
		{A3E4882B-1000-48EE-BE87-126802B8B89E}.Debug|Any CPU.ActiveCfg = Debug|Any CPU
		{A3E4882B-1000-48EE-BE87-126802B8B89E}.Debug|Any CPU.Build.0 = Debug|Any CPU
		{A3E4882B-1000-48EE-BE87-126802B8B89E}.Release|Any CPU.ActiveCfg = Release|Any CPU
		{A3E4882B-1000-48EE-BE87-126802B8B89E}.Release|Any CPU.Build.0 = Release|Any CPU
		{7D34ED2D-93CE-4AF5-99C3-641DF1978B6E}.Debug|Any CPU.ActiveCfg = Debug|Any CPU
		{7D34ED2D-93CE-4AF5-99C3-641DF1978B6E}.Debug|Any CPU.Build.0 = Debug|Any CPU
		{7D34ED2D-93CE-4AF5-99C3-641DF1978B6E}.Release|Any CPU.ActiveCfg = Release|Any CPU
		{7D34ED2D-93CE-4AF5-99C3-641DF1978B6E}.Release|Any CPU.Build.0 = Release|Any CPU
		{50BB7E91-ED66-4636-946E-13BFD534B53C}.Debug|Any CPU.ActiveCfg = Debug|Any CPU
		{50BB7E91-ED66-4636-946E-13BFD534B53C}.Debug|Any CPU.Build.0 = Debug|Any CPU
		{50BB7E91-ED66-4636-946E-13BFD534B53C}.Release|Any CPU.ActiveCfg = Release|Any CPU
		{50BB7E91-ED66-4636-946E-13BFD534B53C}.Release|Any CPU.Build.0 = Release|Any CPU
	EndGlobalSection
	GlobalSection(SolutionProperties) = preSolution
		HideSolutionNode = FALSE
	EndGlobalSection
	GlobalSection(ExtensibilityGlobals) = postSolution
		SolutionGuid = {C4693F2D-3B65-4046-A4F6-60A6D1708B34}
	EndGlobalSection
EndGlobal
